
Microsoft Visual Studio Solution File, Format Version 12.00
# Visual Studio Version 17
VisualStudioVersion = 17.0.32112.339
MinimumVisualStudioVersion = 10.0.40219.1
Project("{FAE04EC0-301F-11D3-BF4B-00C04F79EFBC}") = "XamarinPAIN", "XamarinPAIN.csproj", "{C544934A-7752-4D04-B0B1-17BD3E67F300}"
EndProject
Global
	GlobalSection(SolutionConfigurationPlatforms) = preSolution
		Debug|Any CPU = Debug|Any CPU
		Release|Any CPU = Release|Any CPU
	EndGlobalSection
	GlobalSection(ProjectConfigurationPlatforms) = postSolution
		{C544934A-7752-4D04-B0B1-17BD3E67F300}.Debug|Any CPU.ActiveCfg = Debug|Any CPU
		{C544934A-7752-4D04-B0B1-17BD3E67F300}.Debug|Any CPU.Build.0 = Debug|Any CPU
		{C544934A-7752-4D04-B0B1-17BD3E67F300}.Debug|Any CPU.Deploy.0 = Debug|Any CPU
		{C544934A-7752-4D04-B0B1-17BD3E67F300}.Release|Any CPU.ActiveCfg = Release|Any CPU
		{C544934A-7752-4D04-B0B1-17BD3E67F300}.Release|Any CPU.Build.0 = Release|Any CPU
		{C544934A-7752-4D04-B0B1-17BD3E67F300}.Release|Any CPU.Deploy.0 = Release|Any CPU
	EndGlobalSection
	GlobalSection(SolutionProperties) = preSolution
		HideSolutionNode = FALSE
	EndGlobalSection
	GlobalSection(ExtensibilityGlobals) = postSolution
		SolutionGuid = {090D56A4-34A8-4622-A7B7-53393B0D4151}
	EndGlobalSection
EndGlobal
